<?xml version="1.0" encoding="utf-8"?>
<Project ToolsVersion="4.0" xmlns="http://schemas.microsoft.com/developer/msbuild/2003">
  <ItemGroup>
    <Filter Include="Source">
      <UniqueIdentifier>{e545aa2a-2054-431c-a1eb-c91c523ffdb2}</UniqueIdentifier>
    </Filter>
    <Filter Include="Source\Systems">
      <UniqueIdentifier>{8e0ae259-fe8c-4097-8e65-d5aa9dddb461}</UniqueIdentifier>
    </Filter>
    <Filter Include="Source\Managers">
      <UniqueIdentifier>{e1d8f82f-fa64-4031-8469-9988e404f03c}</UniqueIdentifier>
    </Filter>
    <Filter Include="Source\Utility">
      <UniqueIdentifier>{d4651521-a3f4-42ea-b8a3-3b3316fc29d3}</UniqueIdentifier>
    </Filter>
    <Filter Include="Source\Components">
      <UniqueIdentifier>{88103b56-353c-4fa1-8724-9b214fa39a80}</UniqueIdentifier>
    </Filter>
    <Filter Include="Source\Engine">
      <UniqueIdentifier>{6818c7b2-fcf2-4baf-bc3d-67378702c900}</UniqueIdentifier>
    </Filter>
    <Filter Include="Source\Game Object Elements">
      <UniqueIdentifier>{3d0c84d2-35b5-4fda-9899-b04156a8e155}</UniqueIdentifier>
    </Filter>
  </ItemGroup>
  <ItemGroup>
    <ClCompile Include="Source\BulletPhysicsObject.cpp">
      <Filter>Source\Game Object Elements</Filter>
    </ClCompile>
    <ClCompile Include="Source\ClientComponent.cpp">
      <Filter>Source\Components</Filter>
    </ClCompile>
    <ClCompile Include="Source\ClientSystem.cpp">
      <Filter>Source\Systems</Filter>
    </ClCompile>
    <ClCompile Include="Source\XSource\Component.cpp">
      <Filter>Source\Components</Filter>
    </ClCompile>
    <ClCompile Include="Source\XSource\ComponentManager.cpp">
      <Filter>Source\Managers</Filter>
    </ClCompile>
    <ClCompile Include="Source\ComponentTypeHandle.cpp">
      <Filter>Source\Game Object Elements</Filter>
    </ClCompile>
    <ClCompile Include="Source\Engine.cpp">
      <Filter>Source\Engine</Filter>
    </ClCompile>
    <ClCompile Include="Source\XSource\EngineRegister.cpp">
      <Filter>Source\Engine</Filter>
    </ClCompile>
    <ClCompile Include="Source\GameObject.cpp">
      <Filter>Source\Game Object Elements</Filter>
    </ClCompile>
    <ClCompile Include="Source\GameObjectManager.cpp">
      <Filter>Source\Managers</Filter>
    </ClCompile>
    <ClCompile Include="Source\main.cpp">
      <Filter>Source\Engine</Filter>
    </ClCompile>
    <ClCompile Include="Source\XSource\HandleManager.cpp">
      <Filter>Source\Managers</Filter>
    </ClCompile>
    <ClCompile Include="Source\XSource\Messenger.cpp">
      <Filter>Source\Utility</Filter>
    </ClCompile>
    <ClCompile Include="Source\XSource\NetworkComponent.cpp">
      <Filter>Source\Components</Filter>
    </ClCompile>
    <ClCompile Include="Source\XSource\NetworkHandleManager.cpp">
      <Filter>Source\Managers</Filter>
    </ClCompile>
    <ClCompile Include="Source\XSource\NetworkHandleObject.cpp">
      <Filter>Source\Game Object Elements</Filter>
    </ClCompile>
    <ClCompile Include="Source\XSource\NetworkMessage.cpp">
      <Filter>Source\Utility</Filter>
    </ClCompile>
    <ClCompile Include="Source\XSource\NetworkSystem.cpp">
      <Filter>Source\Systems</Filter>
    </ClCompile>
    <ClCompile Include="Source\XSource\PacketHandlerSystem.cpp">
      <Filter>Source\Systems</Filter>
    </ClCompile>
    <ClCompile Include="Source\XSource\PacketToBitStream.cpp">
      <Filter>Source\Utility</Filter>
    </ClCompile>
    <ClCompile Include="Source\PhysicsComponent.cpp">
      <Filter>Source\Components</Filter>
    </ClCompile>
    <ClCompile Include="Source\PlayerStateComponent.cpp">
      <Filter>Source\Components</Filter>
    </ClCompile>
    <ClCompile Include="Source\ServerSystem.cpp">
      <Filter>Source\Systems</Filter>
    </ClCompile>
    <ClCompile Include="Source\TimerComponent.cpp">
      <Filter>Source\Components</Filter>
    </ClCompile>
  </ItemGroup>
  <ItemGroup>
    <ClInclude Include="Source\BulletPhysicsObject.h">
      <Filter>Source\Game Object Elements</Filter>
    </ClInclude>
    <ClInclude Include="Source\ClientComponent.h">
      <Filter>Source\Components</Filter>
    </ClInclude>
    <ClInclude Include="Source\ClientSystem.h">
      <Filter>Source\Systems</Filter>
    </ClInclude>
    <ClInclude Include="Source\XSource\Component.h">
      <Filter>Source\Components</Filter>
    </ClInclude>
    <ClInclude Include="Source\XSource\ComponentManager.h">
      <Filter>Source\Managers</Filter>
    </ClInclude>
    <ClInclude Include="Source\ComponentTypeHandle.h">
      <Filter>Source\Game Object Elements</Filter>
    </ClInclude>
    <ClInclude Include="Source\Engine.h">
      <Filter>Source\Engine</Filter>
    </ClInclude>
    <ClInclude Include="Source\XSource\EngineRegister.h">
      <Filter>Source\Engine</Filter>
    </ClInclude>
    <ClInclude Include="Source\GameObject.h">
      <Filter>Source\Game Object Elements</Filter>
    </ClInclude>
    <ClInclude Include="Source\GameObjectFilter.h">
      <Filter>Source\Game Object Elements</Filter>
    </ClInclude>
    <ClInclude Include="Source\GameObjectManager.h">
      <Filter>Source\Managers</Filter>
    </ClInclude>
    <ClInclude Include="Source\XSource\Handle.h">
      <Filter>Source\Utility</Filter>
    </ClInclude>
    <ClInclude Include="Source\XSource\HandleManager.h">
      <Filter>Source\Managers</Filter>
    </ClInclude>
    <ClInclude Include="Source\XSource\Messenger.h">
      <Filter>Source\Utility</Filter>
    </ClInclude>
    <ClInclude Include="Source\XSource\NetworkComponent.h">
      <Filter>Source\Components</Filter>
    </ClInclude>
    <ClInclude Include="Source\XSource\NetworkHandleManager.h">
      <Filter>Source\Managers</Filter>
    </ClInclude>
    <ClInclude Include="Source\XSource\NetworkHandleObject.h">
      <Filter>Source\Game Object Elements</Filter>
    </ClInclude>
    <ClInclude Include="Source\XSource\NetworkMessage.h">
      <Filter>Source\Utility</Filter>
    </ClInclude>
    <ClInclude Include="Source\XSource\NetworkSystem.h">
      <Filter>Source\Systems</Filter>
    </ClInclude>
    <ClInclude Include="Source\XSource\PacketHandlerSystem.h">
      <Filter>Source\Systems</Filter>
    </ClInclude>
    <ClInclude Include="Source\XSource\PacketToBitStream.h">
      <Filter>Source\Utility</Filter>
    </ClInclude>
    <ClInclude Include="Source\PhysicsComponent.h">
      <Filter>Source\Components</Filter>
    </ClInclude>
    <ClInclude Include="Source\PlayerStateComponent.h">
      <Filter>Source\Components</Filter>
    </ClInclude>
    <ClInclude Include="Source\ServerSystem.h">
      <Filter>Source\Systems</Filter>
    </ClInclude>
    <ClInclude Include="Source\XSource\System.h">
      <Filter>Source\Systems</Filter>
    </ClInclude>
    <ClInclude Include="Source\XSource\Stream.h">
      <Filter>Source\Utility</Filter>
    </ClInclude>
    <ClInclude Include="Source\XSource\StreamFormatter.h">
      <Filter>Source\Utility</Filter>
    </ClInclude>
    <ClInclude Include="Source\XSource\Subscriber.h">
      <Filter>Source\Utility</Filter>
    </ClInclude>
    <ClInclude Include="Source\XSource\XLib.h">
      <Filter>Source\Engine</Filter>
    </ClInclude>
    <ClInclude Include="Source\TimerComponent.h">
      <Filter>Source\Components</Filter>
    </ClInclude>
  </ItemGroup>
</Project>