
Microsoft Visual Studio Solution File, Format Version 12.00
# Visual Studio 2013
VisualStudioVersion = 12.0.30723.0
MinimumVisualStudioVersion = 10.0.40219.1
Project("{8BC9CEB8-8B4A-11D0-8D11-00A0C91BC942}") = "SpaceFighter_client", "Intermediate\ProjectFiles\SpaceFighter_client.vcxproj", "{307CAEEF-5A9C-47ED-8602-F61D04863CC8}"
EndProject
Global
	GlobalSection(SolutionConfigurationPlatforms) = preSolution
		DebugGame Editor|Windows = DebugGame Editor|Windows
		DebugGame|Windows = DebugGame|Windows
		Development Editor|Windows = Development Editor|Windows
		Development|Windows = Development|Windows
		Shipping|Windows = Shipping|Windows
	EndGlobalSection
	GlobalSection(ProjectConfigurationPlatforms) = postSolution
		{307CAEEF-5A9C-47ED-8602-F61D04863CC8}.DebugGame Editor|Windows.ActiveCfg = DebugGame_Editor|x64
		{307CAEEF-5A9C-47ED-8602-F61D04863CC8}.DebugGame Editor|Windows.Build.0 = DebugGame_Editor|x64
		{307CAEEF-5A9C-47ED-8602-F61D04863CC8}.DebugGame|Windows.ActiveCfg = DebugGame_RocketGame|x64
		{307CAEEF-5A9C-47ED-8602-F61D04863CC8}.DebugGame|Windows.Build.0 = DebugGame_RocketGame|x64
		{307CAEEF-5A9C-47ED-8602-F61D04863CC8}.Development Editor|Windows.ActiveCfg = Development_Editor|x64
		{307CAEEF-5A9C-47ED-8602-F61D04863CC8}.Development Editor|Windows.Build.0 = Development_Editor|x64
		{307CAEEF-5A9C-47ED-8602-F61D04863CC8}.Development|Windows.ActiveCfg = Development_RocketGame|x64
		{307CAEEF-5A9C-47ED-8602-F61D04863CC8}.Development|Windows.Build.0 = Development_RocketGame|x64
		{307CAEEF-5A9C-47ED-8602-F61D04863CC8}.Shipping|Windows.ActiveCfg = Shipping_RocketGame|Win32
		{307CAEEF-5A9C-47ED-8602-F61D04863CC8}.Shipping|Windows.Build.0 = Shipping_RocketGame|Win32
	EndGlobalSection
	GlobalSection(SolutionProperties) = preSolution
		HideSolutionNode = FALSE
	EndGlobalSection
EndGlobal
