
Microsoft Visual Studio Solution File, Format Version 12.00
# Visual Studio Express 2013 for Windows Desktop
VisualStudioVersion = 12.0.21005.1
MinimumVisualStudioVersion = 10.0.40219.1
Project("{8BC9CEB8-8B4A-11D0-8D11-00A0C91BC942}") = "TRAPEZOIDServer", "TRAPEZOIDServer\TRAPEZOIDServer.vcxproj", "{8EEF8C7C-6574-4D4D-9DBD-519D8096153D}"
	ProjectSection(ProjectDependencies) = postProject
		{7FA41B0B-FF59-471A-A829-80B3C6EBF0AE} = {7FA41B0B-FF59-471A-A829-80B3C6EBF0AE}
		{A0CBF613-37DE-4A12-9B05-4621DE21FC0C} = {A0CBF613-37DE-4A12-9B05-4621DE21FC0C}
		{7BE577A2-48F6-4EF6-9A8B-3DD46C5F6B53} = {7BE577A2-48F6-4EF6-9A8B-3DD46C5F6B53}
	EndProjectSection
EndProject
Project("{8BC9CEB8-8B4A-11D0-8D11-00A0C91BC942}") = "BulletCollision", "..\..\..\libs\Bullet\BulletBuild\src\BulletCollision\BulletCollision.vcxproj", "{A0CBF613-37DE-4A12-9B05-4621DE21FC0C}"
EndProject
Project("{8BC9CEB8-8B4A-11D0-8D11-00A0C91BC942}") = "BulletDynamics", "..\..\..\libs\Bullet\BulletBuild\src\BulletDynamics\BulletDynamics.vcxproj", "{7FA41B0B-FF59-471A-A829-80B3C6EBF0AE}"
EndProject
Project("{8BC9CEB8-8B4A-11D0-8D11-00A0C91BC942}") = "LinearMath", "..\..\..\libs\Bullet\BulletBuild\src\LinearMath\LinearMath.vcxproj", "{7BE577A2-48F6-4EF6-9A8B-3DD46C5F6B53}"
EndProject
Global
	GlobalSection(SolutionConfigurationPlatforms) = preSolution
		Debug|Win32 = Debug|Win32
		Release|Win32 = Release|Win32
	EndGlobalSection
	GlobalSection(ProjectConfigurationPlatforms) = postSolution
		{8EEF8C7C-6574-4D4D-9DBD-519D8096153D}.Debug|Win32.ActiveCfg = Debug|Win32
		{8EEF8C7C-6574-4D4D-9DBD-519D8096153D}.Debug|Win32.Build.0 = Debug|Win32
		{8EEF8C7C-6574-4D4D-9DBD-519D8096153D}.Release|Win32.ActiveCfg = Release|Win32
		{8EEF8C7C-6574-4D4D-9DBD-519D8096153D}.Release|Win32.Build.0 = Release|Win32
		{A0CBF613-37DE-4A12-9B05-4621DE21FC0C}.Debug|Win32.ActiveCfg = Debug|Win32
		{A0CBF613-37DE-4A12-9B05-4621DE21FC0C}.Debug|Win32.Build.0 = Debug|Win32
		{A0CBF613-37DE-4A12-9B05-4621DE21FC0C}.Release|Win32.ActiveCfg = Release|Win32
		{A0CBF613-37DE-4A12-9B05-4621DE21FC0C}.Release|Win32.Build.0 = Release|Win32
		{7FA41B0B-FF59-471A-A829-80B3C6EBF0AE}.Debug|Win32.ActiveCfg = Debug|Win32
		{7FA41B0B-FF59-471A-A829-80B3C6EBF0AE}.Debug|Win32.Build.0 = Debug|Win32
		{7FA41B0B-FF59-471A-A829-80B3C6EBF0AE}.Release|Win32.ActiveCfg = Release|Win32
		{7FA41B0B-FF59-471A-A829-80B3C6EBF0AE}.Release|Win32.Build.0 = Release|Win32
		{7BE577A2-48F6-4EF6-9A8B-3DD46C5F6B53}.Debug|Win32.ActiveCfg = Debug|Win32
		{7BE577A2-48F6-4EF6-9A8B-3DD46C5F6B53}.Debug|Win32.Build.0 = Debug|Win32
		{7BE577A2-48F6-4EF6-9A8B-3DD46C5F6B53}.Release|Win32.ActiveCfg = Release|Win32
		{7BE577A2-48F6-4EF6-9A8B-3DD46C5F6B53}.Release|Win32.Build.0 = Release|Win32
	EndGlobalSection
	GlobalSection(SolutionProperties) = preSolution
		HideSolutionNode = FALSE
	EndGlobalSection
EndGlobal
