<?xml version="1.0" encoding="utf-8"?>
<Project ToolsVersion="4.0" xmlns="http://schemas.microsoft.com/developer/msbuild/2003">
  <ItemGroup>
    <Filter Include="Source Files">
      <UniqueIdentifier>{4FC737F1-C7A5-4376-A066-2A32D752A2FF}</UniqueIdentifier>
      <Extensions>cpp;c;cc;cxx;def;odl;idl;hpj;bat;asm;asmx</Extensions>
    </Filter>
    <Filter Include="Header Files">
      <UniqueIdentifier>{93995380-89BD-4b04-88EB-625FBE52EBFB}</UniqueIdentifier>
      <Extensions>h;hh;hpp;hxx;hm;inl;inc;xsd</Extensions>
    </Filter>
    <Filter Include="RakNet">
      <UniqueIdentifier>{94d78cd5-9b39-4692-ac58-d5e8c003c150}</UniqueIdentifier>
    </Filter>
    <Filter Include="Header Files\Managers">
      <UniqueIdentifier>{9809f324-7f82-4de2-9f10-4e474fa27872}</UniqueIdentifier>
    </Filter>
    <Filter Include="Header Files\Components">
      <UniqueIdentifier>{1de42144-889f-41dd-adb1-7cebda4161c6}</UniqueIdentifier>
    </Filter>
    <Filter Include="Header Files\Systems">
      <UniqueIdentifier>{f01555a8-88d2-4c6e-9bcb-17f09fa3141f}</UniqueIdentifier>
    </Filter>
    <Filter Include="Header Files\Utility">
      <UniqueIdentifier>{25f23d54-911f-4f24-97cf-772f4d1063d0}</UniqueIdentifier>
    </Filter>
    <Filter Include="Source Files\Managers">
      <UniqueIdentifier>{29f0d56f-7787-437a-8f30-b5c22e9950fa}</UniqueIdentifier>
    </Filter>
    <Filter Include="Source Files\Components">
      <UniqueIdentifier>{4917ab69-f879-4802-b2e1-597fd02e11ce}</UniqueIdentifier>
    </Filter>
    <Filter Include="Header Files\Game Object">
      <UniqueIdentifier>{1ee3d198-5b7d-40b7-8529-b05e8c89a797}</UniqueIdentifier>
    </Filter>
    <Filter Include="Source Files\Game Object">
      <UniqueIdentifier>{44d462c0-2f20-4506-ac5f-97612fa8af32}</UniqueIdentifier>
    </Filter>
    <Filter Include="Source Files\Systems">
      <UniqueIdentifier>{be626a55-4497-4d42-8480-0035a5b08ec3}</UniqueIdentifier>
    </Filter>
    <Filter Include="Source Files\Utility">
      <UniqueIdentifier>{784a13ef-2681-4bae-b933-e47594415794}</UniqueIdentifier>
    </Filter>
    <Filter Include="Header Files\Engine">
      <UniqueIdentifier>{1b84a8bf-3410-4b04-ba2e-08e242bca547}</UniqueIdentifier>
    </Filter>
    <Filter Include="Source Files\Engine">
      <UniqueIdentifier>{a0d3dd23-1ee1-4d68-a3ba-9a274f8a8903}</UniqueIdentifier>
    </Filter>
  </ItemGroup>
  <ItemGroup>
    <ClCompile Include="..\..\..\..\..\libs\RakNet\RakNet-master\Source\_FindFirst.cpp">
      <Filter>RakNet</Filter>
    </ClCompile>
    <ClCompile Include="..\..\..\..\..\libs\RakNet\RakNet-master\Source\Base64Encoder.cpp">
      <Filter>RakNet</Filter>
    </ClCompile>
    <ClCompile Include="..\..\..\..\..\libs\RakNet\RakNet-master\Source\BitStream.cpp">
      <Filter>RakNet</Filter>
    </ClCompile>
    <ClCompile Include="..\..\..\..\..\libs\RakNet\RakNet-master\Source\CCRakNetSlidingWindow.cpp">
      <Filter>RakNet</Filter>
    </ClCompile>
    <ClCompile Include="..\..\..\..\..\libs\RakNet\RakNet-master\Source\CCRakNetUDT.cpp">
      <Filter>RakNet</Filter>
    </ClCompile>
    <ClCompile Include="..\..\..\..\..\libs\RakNet\RakNet-master\Source\CheckSum.cpp">
      <Filter>RakNet</Filter>
    </ClCompile>
    <ClCompile Include="..\..\..\..\..\libs\RakNet\RakNet-master\Source\CloudClient.cpp">
      <Filter>RakNet</Filter>
    </ClCompile>
    <ClCompile Include="..\..\..\..\..\libs\RakNet\RakNet-master\Source\CloudCommon.cpp">
      <Filter>RakNet</Filter>
    </ClCompile>
    <ClCompile Include="..\..\..\..\..\libs\RakNet\RakNet-master\Source\CloudServer.cpp">
      <Filter>RakNet</Filter>
    </ClCompile>
    <ClCompile Include="..\..\..\..\..\libs\RakNet\RakNet-master\Source\CommandParserInterface.cpp">
      <Filter>RakNet</Filter>
    </ClCompile>
    <ClCompile Include="..\..\..\..\..\libs\RakNet\RakNet-master\Source\ConnectionGraph2.cpp">
      <Filter>RakNet</Filter>
    </ClCompile>
    <ClCompile Include="..\..\..\..\..\libs\RakNet\RakNet-master\Source\ConsoleServer.cpp">
      <Filter>RakNet</Filter>
    </ClCompile>
    <ClCompile Include="..\..\..\..\..\libs\RakNet\RakNet-master\Source\DataCompressor.cpp">
      <Filter>RakNet</Filter>
    </ClCompile>
    <ClCompile Include="..\..\..\..\..\libs\RakNet\RakNet-master\Source\DirectoryDeltaTransfer.cpp">
      <Filter>RakNet</Filter>
    </ClCompile>
    <ClCompile Include="..\..\..\..\..\libs\RakNet\RakNet-master\Source\DR_SHA1.cpp">
      <Filter>RakNet</Filter>
    </ClCompile>
    <ClCompile Include="..\..\..\..\..\libs\RakNet\RakNet-master\Source\DS_BytePool.cpp">
      <Filter>RakNet</Filter>
    </ClCompile>
    <ClCompile Include="..\..\..\..\..\libs\RakNet\RakNet-master\Source\DS_ByteQueue.cpp">
      <Filter>RakNet</Filter>
    </ClCompile>
    <ClCompile Include="..\..\..\..\..\libs\RakNet\RakNet-master\Source\DS_HuffmanEncodingTree.cpp">
      <Filter>RakNet</Filter>
    </ClCompile>
    <ClCompile Include="..\..\..\..\..\libs\RakNet\RakNet-master\Source\DS_Table.cpp">
      <Filter>RakNet</Filter>
    </ClCompile>
    <ClCompile Include="..\..\..\..\..\libs\RakNet\RakNet-master\Source\DynDNS.cpp">
      <Filter>RakNet</Filter>
    </ClCompile>
    <ClCompile Include="..\..\..\..\..\libs\RakNet\RakNet-master\Source\EmailSender.cpp">
      <Filter>RakNet</Filter>
    </ClCompile>
    <ClCompile Include="..\..\..\..\..\libs\RakNet\RakNet-master\Source\EpochTimeToString.cpp">
      <Filter>RakNet</Filter>
    </ClCompile>
    <ClCompile Include="..\..\..\..\..\libs\RakNet\RakNet-master\Source\FileList.cpp">
      <Filter>RakNet</Filter>
    </ClCompile>
    <ClCompile Include="..\..\..\..\..\libs\RakNet\RakNet-master\Source\FileListTransfer.cpp">
      <Filter>RakNet</Filter>
    </ClCompile>
    <ClCompile Include="..\..\..\..\..\libs\RakNet\RakNet-master\Source\FileOperations.cpp">
      <Filter>RakNet</Filter>
    </ClCompile>
    <ClCompile Include="..\..\..\..\..\libs\RakNet\RakNet-master\Source\FormatString.cpp">
      <Filter>RakNet</Filter>
    </ClCompile>
    <ClCompile Include="..\..\..\..\..\libs\RakNet\RakNet-master\Source\FullyConnectedMesh2.cpp">
      <Filter>RakNet</Filter>
    </ClCompile>
    <ClCompile Include="..\..\..\..\..\libs\RakNet\RakNet-master\Source\Getche.cpp">
      <Filter>RakNet</Filter>
    </ClCompile>
    <ClCompile Include="..\..\..\..\..\libs\RakNet\RakNet-master\Source\Gets.cpp">
      <Filter>RakNet</Filter>
    </ClCompile>
    <ClCompile Include="..\..\..\..\..\libs\RakNet\RakNet-master\Source\GetTime.cpp">
      <Filter>RakNet</Filter>
    </ClCompile>
    <ClCompile Include="..\..\..\..\..\libs\RakNet\RakNet-master\Source\gettimeofday.cpp">
      <Filter>RakNet</Filter>
    </ClCompile>
    <ClCompile Include="..\..\..\..\..\libs\RakNet\RakNet-master\Source\GridSectorizer.cpp">
      <Filter>RakNet</Filter>
    </ClCompile>
    <ClCompile Include="..\..\..\..\..\libs\RakNet\RakNet-master\Source\HTTPConnection.cpp">
      <Filter>RakNet</Filter>
    </ClCompile>
    <ClCompile Include="..\..\..\..\..\libs\RakNet\RakNet-master\Source\HTTPConnection2.cpp">
      <Filter>RakNet</Filter>
    </ClCompile>
    <ClCompile Include="..\..\..\..\..\libs\RakNet\RakNet-master\Source\IncrementalReadInterface.cpp">
      <Filter>RakNet</Filter>
    </ClCompile>
    <ClCompile Include="..\..\..\..\..\libs\RakNet\RakNet-master\Source\Itoa.cpp">
      <Filter>RakNet</Filter>
    </ClCompile>
    <ClCompile Include="..\..\..\..\..\libs\RakNet\RakNet-master\Source\LinuxStrings.cpp">
      <Filter>RakNet</Filter>
    </ClCompile>
    <ClCompile Include="..\..\..\..\..\libs\RakNet\RakNet-master\Source\LocklessTypes.cpp">
      <Filter>RakNet</Filter>
    </ClCompile>
    <ClCompile Include="..\..\..\..\..\libs\RakNet\RakNet-master\Source\LogCommandParser.cpp">
      <Filter>RakNet</Filter>
    </ClCompile>
    <ClCompile Include="..\..\..\..\..\libs\RakNet\RakNet-master\Source\MessageFilter.cpp">
      <Filter>RakNet</Filter>
    </ClCompile>
    <ClCompile Include="..\..\..\..\..\libs\RakNet\RakNet-master\Source\NatPunchthroughClient.cpp">
      <Filter>RakNet</Filter>
    </ClCompile>
    <ClCompile Include="..\..\..\..\..\libs\RakNet\RakNet-master\Source\NatPunchthroughServer.cpp">
      <Filter>RakNet</Filter>
    </ClCompile>
    <ClCompile Include="..\..\..\..\..\libs\RakNet\RakNet-master\Source\NatTypeDetectionClient.cpp">
      <Filter>RakNet</Filter>
    </ClCompile>
    <ClCompile Include="..\..\..\..\..\libs\RakNet\RakNet-master\Source\NatTypeDetectionCommon.cpp">
      <Filter>RakNet</Filter>
    </ClCompile>
    <ClCompile Include="..\..\..\..\..\libs\RakNet\RakNet-master\Source\NatTypeDetectionServer.cpp">
      <Filter>RakNet</Filter>
    </ClCompile>
    <ClCompile Include="..\..\..\..\..\libs\RakNet\RakNet-master\Source\NetworkIDManager.cpp">
      <Filter>RakNet</Filter>
    </ClCompile>
    <ClCompile Include="..\..\..\..\..\libs\RakNet\RakNet-master\Source\NetworkIDObject.cpp">
      <Filter>RakNet</Filter>
    </ClCompile>
    <ClCompile Include="..\..\..\..\..\libs\RakNet\RakNet-master\Source\PacketConsoleLogger.cpp">
      <Filter>RakNet</Filter>
    </ClCompile>
    <ClCompile Include="..\..\..\..\..\libs\RakNet\RakNet-master\Source\PacketFileLogger.cpp">
      <Filter>RakNet</Filter>
    </ClCompile>
    <ClCompile Include="..\..\..\..\..\libs\RakNet\RakNet-master\Source\PacketizedTCP.cpp">
      <Filter>RakNet</Filter>
    </ClCompile>
    <ClCompile Include="..\..\..\..\..\libs\RakNet\RakNet-master\Source\PacketLogger.cpp">
      <Filter>RakNet</Filter>
    </ClCompile>
    <ClCompile Include="..\..\..\..\..\libs\RakNet\RakNet-master\Source\PacketOutputWindowLogger.cpp">
      <Filter>RakNet</Filter>
    </ClCompile>
    <ClCompile Include="..\..\..\..\..\libs\RakNet\RakNet-master\Source\PluginInterface2.cpp">
      <Filter>RakNet</Filter>
    </ClCompile>
    <ClCompile Include="..\..\..\..\..\libs\RakNet\RakNet-master\Source\PS4Includes.cpp">
      <Filter>RakNet</Filter>
    </ClCompile>
    <ClCompile Include="..\..\..\..\..\libs\RakNet\RakNet-master\Source\Rackspace.cpp">
      <Filter>RakNet</Filter>
    </ClCompile>
    <ClCompile Include="..\..\..\..\..\libs\RakNet\RakNet-master\Source\RakMemoryOverride.cpp">
      <Filter>RakNet</Filter>
    </ClCompile>
    <ClCompile Include="..\..\..\..\..\libs\RakNet\RakNet-master\Source\RakNetCommandParser.cpp">
      <Filter>RakNet</Filter>
    </ClCompile>
    <ClCompile Include="..\..\..\..\..\libs\RakNet\RakNet-master\Source\RakNetSocket.cpp">
      <Filter>RakNet</Filter>
    </ClCompile>
    <ClCompile Include="..\..\..\..\..\libs\RakNet\RakNet-master\Source\RakNetSocket2.cpp">
      <Filter>RakNet</Filter>
    </ClCompile>
    <ClCompile Include="..\..\..\..\..\libs\RakNet\RakNet-master\Source\RakNetSocket2_360_720.cpp">
      <Filter>RakNet</Filter>
    </ClCompile>
    <ClCompile Include="..\..\..\..\..\libs\RakNet\RakNet-master\Source\RakNetSocket2_Berkley.cpp">
      <Filter>RakNet</Filter>
    </ClCompile>
    <ClCompile Include="..\..\..\..\..\libs\RakNet\RakNet-master\Source\RakNetSocket2_Berkley_NativeClient.cpp">
      <Filter>RakNet</Filter>
    </ClCompile>
    <ClCompile Include="..\..\..\..\..\libs\RakNet\RakNet-master\Source\RakNetSocket2_NativeClient.cpp">
      <Filter>RakNet</Filter>
    </ClCompile>
    <ClCompile Include="..\..\..\..\..\libs\RakNet\RakNet-master\Source\RakNetSocket2_PS3_PS4.cpp">
      <Filter>RakNet</Filter>
    </ClCompile>
    <ClCompile Include="..\..\..\..\..\libs\RakNet\RakNet-master\Source\RakNetSocket2_PS4.cpp">
      <Filter>RakNet</Filter>
    </ClCompile>
    <ClCompile Include="..\..\..\..\..\libs\RakNet\RakNet-master\Source\RakNetSocket2_Vita.cpp">
      <Filter>RakNet</Filter>
    </ClCompile>
    <ClCompile Include="..\..\..\..\..\libs\RakNet\RakNet-master\Source\RakNetSocket2_Windows_Linux.cpp">
      <Filter>RakNet</Filter>
    </ClCompile>
    <ClCompile Include="..\..\..\..\..\libs\RakNet\RakNet-master\Source\RakNetSocket2_Windows_Linux_360.cpp">
      <Filter>RakNet</Filter>
    </ClCompile>
    <ClCompile Include="..\..\..\..\..\libs\RakNet\RakNet-master\Source\RakNetSocket2_WindowsStore8.cpp">
      <Filter>RakNet</Filter>
    </ClCompile>
    <ClCompile Include="..\..\..\..\..\libs\RakNet\RakNet-master\Source\RakNetStatistics.cpp">
      <Filter>RakNet</Filter>
    </ClCompile>
    <ClCompile Include="..\..\..\..\..\libs\RakNet\RakNet-master\Source\RakNetTransport2.cpp">
      <Filter>RakNet</Filter>
    </ClCompile>
    <ClCompile Include="..\..\..\..\..\libs\RakNet\RakNet-master\Source\RakNetTypes.cpp">
      <Filter>RakNet</Filter>
    </ClCompile>
    <ClCompile Include="..\..\..\..\..\libs\RakNet\RakNet-master\Source\RakPeer.cpp">
      <Filter>RakNet</Filter>
    </ClCompile>
    <ClCompile Include="..\..\..\..\..\libs\RakNet\RakNet-master\Source\RakSleep.cpp">
      <Filter>RakNet</Filter>
    </ClCompile>
    <ClCompile Include="..\..\..\..\..\libs\RakNet\RakNet-master\Source\RakString.cpp">
      <Filter>RakNet</Filter>
    </ClCompile>
    <ClCompile Include="..\..\..\..\..\libs\RakNet\RakNet-master\Source\RakThread.cpp">
      <Filter>RakNet</Filter>
    </ClCompile>
    <ClCompile Include="..\..\..\..\..\libs\RakNet\RakNet-master\Source\RakWString.cpp">
      <Filter>RakNet</Filter>
    </ClCompile>
    <ClCompile Include="..\..\..\..\..\libs\RakNet\RakNet-master\Source\Rand.cpp">
      <Filter>RakNet</Filter>
    </ClCompile>
    <ClCompile Include="..\..\..\..\..\libs\RakNet\RakNet-master\Source\RandSync.cpp">
      <Filter>RakNet</Filter>
    </ClCompile>
    <ClCompile Include="..\..\..\..\..\libs\RakNet\RakNet-master\Source\ReadyEvent.cpp">
      <Filter>RakNet</Filter>
    </ClCompile>
    <ClCompile Include="..\..\..\..\..\libs\RakNet\RakNet-master\Source\RelayPlugin.cpp">
      <Filter>RakNet</Filter>
    </ClCompile>
    <ClCompile Include="..\..\..\..\..\libs\RakNet\RakNet-master\Source\ReliabilityLayer.cpp">
      <Filter>RakNet</Filter>
    </ClCompile>
    <ClCompile Include="..\..\..\..\..\libs\RakNet\RakNet-master\Source\ReplicaManager3.cpp">
      <Filter>RakNet</Filter>
    </ClCompile>
    <ClCompile Include="..\..\..\..\..\libs\RakNet\RakNet-master\Source\Router2.cpp">
      <Filter>RakNet</Filter>
    </ClCompile>
    <ClCompile Include="..\..\..\..\..\libs\RakNet\RakNet-master\Source\RPC4Plugin.cpp">
      <Filter>RakNet</Filter>
    </ClCompile>
    <ClCompile Include="..\..\..\..\..\libs\RakNet\RakNet-master\Source\SecureHandshake.cpp">
      <Filter>RakNet</Filter>
    </ClCompile>
    <ClCompile Include="..\..\..\..\..\libs\RakNet\RakNet-master\Source\SendToThread.cpp">
      <Filter>RakNet</Filter>
    </ClCompile>
    <ClCompile Include="..\..\..\..\..\libs\RakNet\RakNet-master\Source\SignaledEvent.cpp">
      <Filter>RakNet</Filter>
    </ClCompile>
    <ClCompile Include="..\..\..\..\..\libs\RakNet\RakNet-master\Source\SimpleMutex.cpp">
      <Filter>RakNet</Filter>
    </ClCompile>
    <ClCompile Include="..\..\..\..\..\libs\RakNet\RakNet-master\Source\SocketLayer.cpp">
      <Filter>RakNet</Filter>
    </ClCompile>
    <ClCompile Include="..\..\..\..\..\libs\RakNet\RakNet-master\Source\StatisticsHistory.cpp">
      <Filter>RakNet</Filter>
    </ClCompile>
    <ClCompile Include="..\..\..\..\..\libs\RakNet\RakNet-master\Source\StringCompressor.cpp">
      <Filter>RakNet</Filter>
    </ClCompile>
    <ClCompile Include="..\..\..\..\..\libs\RakNet\RakNet-master\Source\StringTable.cpp">
      <Filter>RakNet</Filter>
    </ClCompile>
    <ClCompile Include="..\..\..\..\..\libs\RakNet\RakNet-master\Source\SuperFastHash.cpp">
      <Filter>RakNet</Filter>
    </ClCompile>
    <ClCompile Include="..\..\..\..\..\libs\RakNet\RakNet-master\Source\TableSerializer.cpp">
      <Filter>RakNet</Filter>
    </ClCompile>
    <ClCompile Include="..\..\..\..\..\libs\RakNet\RakNet-master\Source\TCPInterface.cpp">
      <Filter>RakNet</Filter>
    </ClCompile>
    <ClCompile Include="..\..\..\..\..\libs\RakNet\RakNet-master\Source\TeamBalancer.cpp">
      <Filter>RakNet</Filter>
    </ClCompile>
    <ClCompile Include="..\..\..\..\..\libs\RakNet\RakNet-master\Source\TeamManager.cpp">
      <Filter>RakNet</Filter>
    </ClCompile>
    <ClCompile Include="..\..\..\..\..\libs\RakNet\RakNet-master\Source\TelnetTransport.cpp">
      <Filter>RakNet</Filter>
    </ClCompile>
    <ClCompile Include="..\..\..\..\..\libs\RakNet\RakNet-master\Source\ThreadsafePacketLogger.cpp">
      <Filter>RakNet</Filter>
    </ClCompile>
    <ClCompile Include="..\..\..\..\..\libs\RakNet\RakNet-master\Source\TwoWayAuthentication.cpp">
      <Filter>RakNet</Filter>
    </ClCompile>
    <ClCompile Include="..\..\..\..\..\libs\RakNet\RakNet-master\Source\UDPForwarder.cpp">
      <Filter>RakNet</Filter>
    </ClCompile>
    <ClCompile Include="..\..\..\..\..\libs\RakNet\RakNet-master\Source\UDPProxyClient.cpp">
      <Filter>RakNet</Filter>
    </ClCompile>
    <ClCompile Include="..\..\..\..\..\libs\RakNet\RakNet-master\Source\UDPProxyCoordinator.cpp">
      <Filter>RakNet</Filter>
    </ClCompile>
    <ClCompile Include="..\..\..\..\..\libs\RakNet\RakNet-master\Source\UDPProxyServer.cpp">
      <Filter>RakNet</Filter>
    </ClCompile>
    <ClCompile Include="..\..\..\..\..\libs\RakNet\RakNet-master\Source\VariableDeltaSerializer.cpp">
      <Filter>RakNet</Filter>
    </ClCompile>
    <ClCompile Include="..\..\..\..\..\libs\RakNet\RakNet-master\Source\VariableListDeltaTracker.cpp">
      <Filter>RakNet</Filter>
    </ClCompile>
    <ClCompile Include="..\..\..\..\..\libs\RakNet\RakNet-master\Source\VariadicSQLParser.cpp">
      <Filter>RakNet</Filter>
    </ClCompile>
    <ClCompile Include="..\..\..\..\..\libs\RakNet\RakNet-master\Source\VitaIncludes.cpp">
      <Filter>RakNet</Filter>
    </ClCompile>
    <ClCompile Include="..\..\..\..\..\libs\RakNet\RakNet-master\Source\WSAStartupSingleton.cpp">
      <Filter>RakNet</Filter>
    </ClCompile>
    <ClCompile Include="src\networkmanager.cpp">
      <Filter>Source Files\Managers</Filter>
    </ClCompile>
    <ClCompile Include="src\gameobjectmanager.cpp">
      <Filter>Source Files\Managers</Filter>
    </ClCompile>
    <ClCompile Include="src\handlemanager.cpp">
      <Filter>Source Files\Managers</Filter>
    </ClCompile>
    <ClCompile Include="src\physicsmanager.cpp">
      <Filter>Source Files\Managers</Filter>
    </ClCompile>
    <ClCompile Include="src\networkcomponent.cpp">
      <Filter>Source Files\Components</Filter>
    </ClCompile>
    <ClCompile Include="src\physicscomponent.cpp">
      <Filter>Source Files\Components</Filter>
    </ClCompile>
    <ClCompile Include="src\gameobject.cpp">
      <Filter>Source Files\Game Object</Filter>
    </ClCompile>
    <ClCompile Include="src\physicssystem.cpp">
      <Filter>Source Files\Systems</Filter>
    </ClCompile>
    <ClCompile Include="src\serversystem.cpp">
      <Filter>Source Files\Systems</Filter>
    </ClCompile>
    <ClCompile Include="src\bulletphysicsobject.cpp">
      <Filter>Source Files\Utility</Filter>
    </ClCompile>
    <ClCompile Include="src\messenger.cpp">
      <Filter>Source Files\Utility</Filter>
    </ClCompile>
    <ClCompile Include="src\clientmanager.cpp">
      <Filter>Source Files\Managers</Filter>
    </ClCompile>
    <ClCompile Include="src\stream.cpp">
      <Filter>Source Files\Utility</Filter>
    </ClCompile>
    <ClCompile Include="src\streamformatter.cpp">
      <Filter>Source Files\Utility</Filter>
    </ClCompile>
    <ClCompile Include="src\engine.cpp">
      <Filter>Source Files\Engine</Filter>
    </ClCompile>
    <ClCompile Include="src\main.cpp">
      <Filter>Source Files\Engine</Filter>
    </ClCompile>
    <ClCompile Include="src\networksystem.cpp">
      <Filter>Source Files\Systems</Filter>
    </ClCompile>
    <ClCompile Include="src\clientsystem.cpp">
      <Filter>Source Files\Systems</Filter>
    </ClCompile>
    <ClCompile Include="src\componenttypehandle.cpp">
      <Filter>Source Files\Utility</Filter>
    </ClCompile>
  </ItemGroup>
  <ItemGroup>
    <ClInclude Include="..\..\..\..\..\libs\RakNet\RakNet-master\Source\_FindFirst.h">
      <Filter>RakNet</Filter>
    </ClInclude>
    <ClInclude Include="..\..\..\..\..\libs\RakNet\RakNet-master\Source\AutopatcherPatchContext.h">
      <Filter>RakNet</Filter>
    </ClInclude>
    <ClInclude Include="..\..\..\..\..\libs\RakNet\RakNet-master\Source\AutopatcherRepositoryInterface.h">
      <Filter>RakNet</Filter>
    </ClInclude>
    <ClInclude Include="..\..\..\..\..\libs\RakNet\RakNet-master\Source\Base64Encoder.h">
      <Filter>RakNet</Filter>
    </ClInclude>
    <ClInclude Include="..\..\..\..\..\libs\RakNet\RakNet-master\Source\BitStream.h">
      <Filter>RakNet</Filter>
    </ClInclude>
    <ClInclude Include="..\..\..\..\..\libs\RakNet\RakNet-master\Source\CCRakNetSlidingWindow.h">
      <Filter>RakNet</Filter>
    </ClInclude>
    <ClInclude Include="..\..\..\..\..\libs\RakNet\RakNet-master\Source\CCRakNetUDT.h">
      <Filter>RakNet</Filter>
    </ClInclude>
    <ClInclude Include="..\..\..\..\..\libs\RakNet\RakNet-master\Source\CheckSum.h">
      <Filter>RakNet</Filter>
    </ClInclude>
    <ClInclude Include="..\..\..\..\..\libs\RakNet\RakNet-master\Source\CloudClient.h">
      <Filter>RakNet</Filter>
    </ClInclude>
    <ClInclude Include="..\..\..\..\..\libs\RakNet\RakNet-master\Source\CloudCommon.h">
      <Filter>RakNet</Filter>
    </ClInclude>
    <ClInclude Include="..\..\..\..\..\libs\RakNet\RakNet-master\Source\CloudServer.h">
      <Filter>RakNet</Filter>
    </ClInclude>
    <ClInclude Include="..\..\..\..\..\libs\RakNet\RakNet-master\Source\CommandParserInterface.h">
      <Filter>RakNet</Filter>
    </ClInclude>
    <ClInclude Include="..\..\..\..\..\libs\RakNet\RakNet-master\Source\ConnectionGraph2.h">
      <Filter>RakNet</Filter>
    </ClInclude>
    <ClInclude Include="..\..\..\..\..\libs\RakNet\RakNet-master\Source\ConsoleServer.h">
      <Filter>RakNet</Filter>
    </ClInclude>
    <ClInclude Include="..\..\..\..\..\libs\RakNet\RakNet-master\Source\DataCompressor.h">
      <Filter>RakNet</Filter>
    </ClInclude>
    <ClInclude Include="..\..\..\..\..\libs\RakNet\RakNet-master\Source\DirectoryDeltaTransfer.h">
      <Filter>RakNet</Filter>
    </ClInclude>
    <ClInclude Include="..\..\..\..\..\libs\RakNet\RakNet-master\Source\DR_SHA1.h">
      <Filter>RakNet</Filter>
    </ClInclude>
    <ClInclude Include="..\..\..\..\..\libs\RakNet\RakNet-master\Source\DS_BinarySearchTree.h">
      <Filter>RakNet</Filter>
    </ClInclude>
    <ClInclude Include="..\..\..\..\..\libs\RakNet\RakNet-master\Source\DS_BPlusTree.h">
      <Filter>RakNet</Filter>
    </ClInclude>
    <ClInclude Include="..\..\..\..\..\libs\RakNet\RakNet-master\Source\DS_BytePool.h">
      <Filter>RakNet</Filter>
    </ClInclude>
    <ClInclude Include="..\..\..\..\..\libs\RakNet\RakNet-master\Source\DS_ByteQueue.h">
      <Filter>RakNet</Filter>
    </ClInclude>
    <ClInclude Include="..\..\..\..\..\libs\RakNet\RakNet-master\Source\DS_Hash.h">
      <Filter>RakNet</Filter>
    </ClInclude>
    <ClInclude Include="..\..\..\..\..\libs\RakNet\RakNet-master\Source\DS_Heap.h">
      <Filter>RakNet</Filter>
    </ClInclude>
    <ClInclude Include="..\..\..\..\..\libs\RakNet\RakNet-master\Source\DS_HuffmanEncodingTree.h">
      <Filter>RakNet</Filter>
    </ClInclude>
    <ClInclude Include="..\..\..\..\..\libs\RakNet\RakNet-master\Source\DS_HuffmanEncodingTreeFactory.h">
      <Filter>RakNet</Filter>
    </ClInclude>
    <ClInclude Include="..\..\..\..\..\libs\RakNet\RakNet-master\Source\DS_HuffmanEncodingTreeNode.h">
      <Filter>RakNet</Filter>
    </ClInclude>
    <ClInclude Include="..\..\..\..\..\libs\RakNet\RakNet-master\Source\DS_LinkedList.h">
      <Filter>RakNet</Filter>
    </ClInclude>
    <ClInclude Include="..\..\..\..\..\libs\RakNet\RakNet-master\Source\DS_List.h">
      <Filter>RakNet</Filter>
    </ClInclude>
    <ClInclude Include="..\..\..\..\..\libs\RakNet\RakNet-master\Source\DS_Map.h">
      <Filter>RakNet</Filter>
    </ClInclude>
    <ClInclude Include="..\..\..\..\..\libs\RakNet\RakNet-master\Source\DS_MemoryPool.h">
      <Filter>RakNet</Filter>
    </ClInclude>
    <ClInclude Include="..\..\..\..\..\libs\RakNet\RakNet-master\Source\DS_Multilist.h">
      <Filter>RakNet</Filter>
    </ClInclude>
    <ClInclude Include="..\..\..\..\..\libs\RakNet\RakNet-master\Source\DS_OrderedChannelHeap.h">
      <Filter>RakNet</Filter>
    </ClInclude>
    <ClInclude Include="..\..\..\..\..\libs\RakNet\RakNet-master\Source\DS_OrderedList.h">
      <Filter>RakNet</Filter>
    </ClInclude>
    <ClInclude Include="..\..\..\..\..\libs\RakNet\RakNet-master\Source\DS_Queue.h">
      <Filter>RakNet</Filter>
    </ClInclude>
    <ClInclude Include="..\..\..\..\..\libs\RakNet\RakNet-master\Source\DS_QueueLinkedList.h">
      <Filter>RakNet</Filter>
    </ClInclude>
    <ClInclude Include="..\..\..\..\..\libs\RakNet\RakNet-master\Source\DS_RangeList.h">
      <Filter>RakNet</Filter>
    </ClInclude>
    <ClInclude Include="..\..\..\..\..\libs\RakNet\RakNet-master\Source\DS_Table.h">
      <Filter>RakNet</Filter>
    </ClInclude>
    <ClInclude Include="..\..\..\..\..\libs\RakNet\RakNet-master\Source\DS_ThreadsafeAllocatingQueue.h">
      <Filter>RakNet</Filter>
    </ClInclude>
    <ClInclude Include="..\..\..\..\..\libs\RakNet\RakNet-master\Source\DS_Tree.h">
      <Filter>RakNet</Filter>
    </ClInclude>
    <ClInclude Include="..\..\..\..\..\libs\RakNet\RakNet-master\Source\DS_WeightedGraph.h">
      <Filter>RakNet</Filter>
    </ClInclude>
    <ClInclude Include="..\..\..\..\..\libs\RakNet\RakNet-master\Source\DynDNS.h">
      <Filter>RakNet</Filter>
    </ClInclude>
    <ClInclude Include="..\..\..\..\..\libs\RakNet\RakNet-master\Source\EmailSender.h">
      <Filter>RakNet</Filter>
    </ClInclude>
    <ClInclude Include="..\..\..\..\..\libs\RakNet\RakNet-master\Source\EmptyHeader.h">
      <Filter>RakNet</Filter>
    </ClInclude>
    <ClInclude Include="..\..\..\..\..\libs\RakNet\RakNet-master\Source\EpochTimeToString.h">
      <Filter>RakNet</Filter>
    </ClInclude>
    <ClInclude Include="..\..\..\..\..\libs\RakNet\RakNet-master\Source\Export.h">
      <Filter>RakNet</Filter>
    </ClInclude>
    <ClInclude Include="..\..\..\..\..\libs\RakNet\RakNet-master\Source\FileList.h">
      <Filter>RakNet</Filter>
    </ClInclude>
    <ClInclude Include="..\..\..\..\..\libs\RakNet\RakNet-master\Source\FileListNodeContext.h">
      <Filter>RakNet</Filter>
    </ClInclude>
    <ClInclude Include="..\..\..\..\..\libs\RakNet\RakNet-master\Source\FileListTransfer.h">
      <Filter>RakNet</Filter>
    </ClInclude>
    <ClInclude Include="..\..\..\..\..\libs\RakNet\RakNet-master\Source\FileListTransferCBInterface.h">
      <Filter>RakNet</Filter>
    </ClInclude>
    <ClInclude Include="..\..\..\..\..\libs\RakNet\RakNet-master\Source\FileOperations.h">
      <Filter>RakNet</Filter>
    </ClInclude>
    <ClInclude Include="..\..\..\..\..\libs\RakNet\RakNet-master\Source\FormatString.h">
      <Filter>RakNet</Filter>
    </ClInclude>
    <ClInclude Include="..\..\..\..\..\libs\RakNet\RakNet-master\Source\FullyConnectedMesh2.h">
      <Filter>RakNet</Filter>
    </ClInclude>
    <ClInclude Include="..\..\..\..\..\libs\RakNet\RakNet-master\Source\Getche.h">
      <Filter>RakNet</Filter>
    </ClInclude>
    <ClInclude Include="..\..\..\..\..\libs\RakNet\RakNet-master\Source\Gets.h">
      <Filter>RakNet</Filter>
    </ClInclude>
    <ClInclude Include="..\..\..\..\..\libs\RakNet\RakNet-master\Source\GetTime.h">
      <Filter>RakNet</Filter>
    </ClInclude>
    <ClInclude Include="..\..\..\..\..\libs\RakNet\RakNet-master\Source\gettimeofday.h">
      <Filter>RakNet</Filter>
    </ClInclude>
    <ClInclude Include="..\..\..\..\..\libs\RakNet\RakNet-master\Source\GridSectorizer.h">
      <Filter>RakNet</Filter>
    </ClInclude>
    <ClInclude Include="..\..\..\..\..\libs\RakNet\RakNet-master\Source\HTTPConnection.h">
      <Filter>RakNet</Filter>
    </ClInclude>
    <ClInclude Include="..\..\..\..\..\libs\RakNet\RakNet-master\Source\HTTPConnection2.h">
      <Filter>RakNet</Filter>
    </ClInclude>
    <ClInclude Include="..\..\..\..\..\libs\RakNet\RakNet-master\Source\IncrementalReadInterface.h">
      <Filter>RakNet</Filter>
    </ClInclude>
    <ClInclude Include="..\..\..\..\..\libs\RakNet\RakNet-master\Source\InternalPacket.h">
      <Filter>RakNet</Filter>
    </ClInclude>
    <ClInclude Include="..\..\..\..\..\libs\RakNet\RakNet-master\Source\Itoa.h">
      <Filter>RakNet</Filter>
    </ClInclude>
    <ClInclude Include="..\..\..\..\..\libs\RakNet\RakNet-master\Source\Kbhit.h">
      <Filter>RakNet</Filter>
    </ClInclude>
    <ClInclude Include="..\..\..\..\..\libs\RakNet\RakNet-master\Source\LinuxStrings.h">
      <Filter>RakNet</Filter>
    </ClInclude>
    <ClInclude Include="..\..\..\..\..\libs\RakNet\RakNet-master\Source\LocklessTypes.h">
      <Filter>RakNet</Filter>
    </ClInclude>
    <ClInclude Include="..\..\..\..\..\libs\RakNet\RakNet-master\Source\LogCommandParser.h">
      <Filter>RakNet</Filter>
    </ClInclude>
    <ClInclude Include="..\..\..\..\..\libs\RakNet\RakNet-master\Source\MessageFilter.h">
      <Filter>RakNet</Filter>
    </ClInclude>
    <ClInclude Include="..\..\..\..\..\libs\RakNet\RakNet-master\Source\MessageIdentifiers.h">
      <Filter>RakNet</Filter>
    </ClInclude>
    <ClInclude Include="..\..\..\..\..\libs\RakNet\RakNet-master\Source\MTUSize.h">
      <Filter>RakNet</Filter>
    </ClInclude>
    <ClInclude Include="..\..\..\..\..\libs\RakNet\RakNet-master\Source\NativeFeatureIncludes.h">
      <Filter>RakNet</Filter>
    </ClInclude>
    <ClInclude Include="..\..\..\..\..\libs\RakNet\RakNet-master\Source\NativeFeatureIncludesOverrides.h">
      <Filter>RakNet</Filter>
    </ClInclude>
    <ClInclude Include="..\..\..\..\..\libs\RakNet\RakNet-master\Source\NativeTypes.h">
      <Filter>RakNet</Filter>
    </ClInclude>
    <ClInclude Include="..\..\..\..\..\libs\RakNet\RakNet-master\Source\NatPunchthroughClient.h">
      <Filter>RakNet</Filter>
    </ClInclude>
    <ClInclude Include="..\..\..\..\..\libs\RakNet\RakNet-master\Source\NatPunchthroughServer.h">
      <Filter>RakNet</Filter>
    </ClInclude>
    <ClInclude Include="..\..\..\..\..\libs\RakNet\RakNet-master\Source\NatTypeDetectionClient.h">
      <Filter>RakNet</Filter>
    </ClInclude>
    <ClInclude Include="..\..\..\..\..\libs\RakNet\RakNet-master\Source\NatTypeDetectionCommon.h">
      <Filter>RakNet</Filter>
    </ClInclude>
    <ClInclude Include="..\..\..\..\..\libs\RakNet\RakNet-master\Source\NatTypeDetectionServer.h">
      <Filter>RakNet</Filter>
    </ClInclude>
    <ClInclude Include="..\..\..\..\..\libs\RakNet\RakNet-master\Source\NetworkIDManager.h">
      <Filter>RakNet</Filter>
    </ClInclude>
    <ClInclude Include="..\..\..\..\..\libs\RakNet\RakNet-master\Source\NetworkIDObject.h">
      <Filter>RakNet</Filter>
    </ClInclude>
    <ClInclude Include="..\..\..\..\..\libs\RakNet\RakNet-master\Source\PacketConsoleLogger.h">
      <Filter>RakNet</Filter>
    </ClInclude>
    <ClInclude Include="..\..\..\..\..\libs\RakNet\RakNet-master\Source\PacketFileLogger.h">
      <Filter>RakNet</Filter>
    </ClInclude>
    <ClInclude Include="..\..\..\..\..\libs\RakNet\RakNet-master\Source\PacketizedTCP.h">
      <Filter>RakNet</Filter>
    </ClInclude>
    <ClInclude Include="..\..\..\..\..\libs\RakNet\RakNet-master\Source\PacketLogger.h">
      <Filter>RakNet</Filter>
    </ClInclude>
    <ClInclude Include="..\..\..\..\..\libs\RakNet\RakNet-master\Source\PacketOutputWindowLogger.h">
      <Filter>RakNet</Filter>
    </ClInclude>
    <ClInclude Include="..\..\..\..\..\libs\RakNet\RakNet-master\Source\PacketPool.h">
      <Filter>RakNet</Filter>
    </ClInclude>
    <ClInclude Include="..\..\..\..\..\libs\RakNet\RakNet-master\Source\PacketPriority.h">
      <Filter>RakNet</Filter>
    </ClInclude>
    <ClInclude Include="..\..\..\..\..\libs\RakNet\RakNet-master\Source\PluginInterface2.h">
      <Filter>RakNet</Filter>
    </ClInclude>
    <ClInclude Include="..\..\..\..\..\libs\RakNet\RakNet-master\Source\PS3Includes.h">
      <Filter>RakNet</Filter>
    </ClInclude>
    <ClInclude Include="..\..\..\..\..\libs\RakNet\RakNet-master\Source\PS4Includes.h">
      <Filter>RakNet</Filter>
    </ClInclude>
    <ClInclude Include="..\..\..\..\..\libs\RakNet\RakNet-master\Source\Rackspace.h">
      <Filter>RakNet</Filter>
    </ClInclude>
    <ClInclude Include="..\..\..\..\..\libs\RakNet\RakNet-master\Source\RakAlloca.h">
      <Filter>RakNet</Filter>
    </ClInclude>
    <ClInclude Include="..\..\..\..\..\libs\RakNet\RakNet-master\Source\RakAssert.h">
      <Filter>RakNet</Filter>
    </ClInclude>
    <ClInclude Include="..\..\..\..\..\libs\RakNet\RakNet-master\Source\RakMemoryOverride.h">
      <Filter>RakNet</Filter>
    </ClInclude>
    <ClInclude Include="..\..\..\..\..\libs\RakNet\RakNet-master\Source\RakNetCommandParser.h">
      <Filter>RakNet</Filter>
    </ClInclude>
    <ClInclude Include="..\..\..\..\..\libs\RakNet\RakNet-master\Source\RakNetDefines.h">
      <Filter>RakNet</Filter>
    </ClInclude>
    <ClInclude Include="..\..\..\..\..\libs\RakNet\RakNet-master\Source\RakNetDefinesOverrides.h">
      <Filter>RakNet</Filter>
    </ClInclude>
    <ClInclude Include="..\..\..\..\..\libs\RakNet\RakNet-master\Source\RakNetSmartPtr.h">
      <Filter>RakNet</Filter>
    </ClInclude>
    <ClInclude Include="..\..\..\..\..\libs\RakNet\RakNet-master\Source\RakNetSocket.h">
      <Filter>RakNet</Filter>
    </ClInclude>
    <ClInclude Include="..\..\..\..\..\libs\RakNet\RakNet-master\Source\RakNetSocket2.h">
      <Filter>RakNet</Filter>
    </ClInclude>
    <ClInclude Include="..\..\..\..\..\libs\RakNet\RakNet-master\Source\RakNetStatistics.h">
      <Filter>RakNet</Filter>
    </ClInclude>
    <ClInclude Include="..\..\..\..\..\libs\RakNet\RakNet-master\Source\RakNetTime.h">
      <Filter>RakNet</Filter>
    </ClInclude>
    <ClInclude Include="..\..\..\..\..\libs\RakNet\RakNet-master\Source\RakNetTransport2.h">
      <Filter>RakNet</Filter>
    </ClInclude>
    <ClInclude Include="..\..\..\..\..\libs\RakNet\RakNet-master\Source\RakNetTypes.h">
      <Filter>RakNet</Filter>
    </ClInclude>
    <ClInclude Include="..\..\..\..\..\libs\RakNet\RakNet-master\Source\RakNetVersion.h">
      <Filter>RakNet</Filter>
    </ClInclude>
    <ClInclude Include="..\..\..\..\..\libs\RakNet\RakNet-master\Source\RakPeer.h">
      <Filter>RakNet</Filter>
    </ClInclude>
    <ClInclude Include="..\..\..\..\..\libs\RakNet\RakNet-master\Source\RakPeerInterface.h">
      <Filter>RakNet</Filter>
    </ClInclude>
    <ClInclude Include="..\..\..\..\..\libs\RakNet\RakNet-master\Source\RakSleep.h">
      <Filter>RakNet</Filter>
    </ClInclude>
    <ClInclude Include="..\..\..\..\..\libs\RakNet\RakNet-master\Source\RakString.h">
      <Filter>RakNet</Filter>
    </ClInclude>
    <ClInclude Include="..\..\..\..\..\libs\RakNet\RakNet-master\Source\RakThread.h">
      <Filter>RakNet</Filter>
    </ClInclude>
    <ClInclude Include="..\..\..\..\..\libs\RakNet\RakNet-master\Source\RakWString.h">
      <Filter>RakNet</Filter>
    </ClInclude>
    <ClInclude Include="..\..\..\..\..\libs\RakNet\RakNet-master\Source\Rand.h">
      <Filter>RakNet</Filter>
    </ClInclude>
    <ClInclude Include="..\..\..\..\..\libs\RakNet\RakNet-master\Source\RandSync.h">
      <Filter>RakNet</Filter>
    </ClInclude>
    <ClInclude Include="..\..\..\..\..\libs\RakNet\RakNet-master\Source\ReadyEvent.h">
      <Filter>RakNet</Filter>
    </ClInclude>
    <ClInclude Include="..\..\..\..\..\libs\RakNet\RakNet-master\Source\RefCountedObj.h">
      <Filter>RakNet</Filter>
    </ClInclude>
    <ClInclude Include="..\..\..\..\..\libs\RakNet\RakNet-master\Source\RelayPlugin.h">
      <Filter>RakNet</Filter>
    </ClInclude>
    <ClInclude Include="..\..\..\..\..\libs\RakNet\RakNet-master\Source\ReliabilityLayer.h">
      <Filter>RakNet</Filter>
    </ClInclude>
    <ClInclude Include="..\..\..\..\..\libs\RakNet\RakNet-master\Source\ReplicaEnums.h">
      <Filter>RakNet</Filter>
    </ClInclude>
    <ClInclude Include="..\..\..\..\..\libs\RakNet\RakNet-master\Source\ReplicaManager3.h">
      <Filter>RakNet</Filter>
    </ClInclude>
    <ClInclude Include="..\..\..\..\..\libs\RakNet\RakNet-master\Source\Router2.h">
      <Filter>RakNet</Filter>
    </ClInclude>
    <ClInclude Include="..\..\..\..\..\libs\RakNet\RakNet-master\Source\RPC4Plugin.h">
      <Filter>RakNet</Filter>
    </ClInclude>
    <ClInclude Include="..\..\..\..\..\libs\RakNet\RakNet-master\Source\SecureHandshake.h">
      <Filter>RakNet</Filter>
    </ClInclude>
    <ClInclude Include="..\..\..\..\..\libs\RakNet\RakNet-master\Source\SendToThread.h">
      <Filter>RakNet</Filter>
    </ClInclude>
    <ClInclude Include="..\..\..\..\..\libs\RakNet\RakNet-master\Source\SignaledEvent.h">
      <Filter>RakNet</Filter>
    </ClInclude>
    <ClInclude Include="..\..\..\..\..\libs\RakNet\RakNet-master\Source\SimpleMutex.h">
      <Filter>RakNet</Filter>
    </ClInclude>
    <ClInclude Include="..\..\..\..\..\libs\RakNet\RakNet-master\Source\SimpleTCPServer.h">
      <Filter>RakNet</Filter>
    </ClInclude>
    <ClInclude Include="..\..\..\..\..\libs\RakNet\RakNet-master\Source\SingleProducerConsumer.h">
      <Filter>RakNet</Filter>
    </ClInclude>
    <ClInclude Include="..\..\..\..\..\libs\RakNet\RakNet-master\Source\SocketDefines.h">
      <Filter>RakNet</Filter>
    </ClInclude>
    <ClInclude Include="..\..\..\..\..\libs\RakNet\RakNet-master\Source\SocketIncludes.h">
      <Filter>RakNet</Filter>
    </ClInclude>
    <ClInclude Include="..\..\..\..\..\libs\RakNet\RakNet-master\Source\SocketLayer.h">
      <Filter>RakNet</Filter>
    </ClInclude>
    <ClInclude Include="..\..\..\..\..\libs\RakNet\RakNet-master\Source\StatisticsHistory.h">
      <Filter>RakNet</Filter>
    </ClInclude>
    <ClInclude Include="..\..\..\..\..\libs\RakNet\RakNet-master\Source\StringCompressor.h">
      <Filter>RakNet</Filter>
    </ClInclude>
    <ClInclude Include="..\..\..\..\..\libs\RakNet\RakNet-master\Source\StringTable.h">
      <Filter>RakNet</Filter>
    </ClInclude>
    <ClInclude Include="..\..\..\..\..\libs\RakNet\RakNet-master\Source\SuperFastHash.h">
      <Filter>RakNet</Filter>
    </ClInclude>
    <ClInclude Include="..\..\..\..\..\libs\RakNet\RakNet-master\Source\TableSerializer.h">
      <Filter>RakNet</Filter>
    </ClInclude>
    <ClInclude Include="..\..\..\..\..\libs\RakNet\RakNet-master\Source\TCPInterface.h">
      <Filter>RakNet</Filter>
    </ClInclude>
    <ClInclude Include="..\..\..\..\..\libs\RakNet\RakNet-master\Source\TeamBalancer.h">
      <Filter>RakNet</Filter>
    </ClInclude>
    <ClInclude Include="..\..\..\..\..\libs\RakNet\RakNet-master\Source\TeamManager.h">
      <Filter>RakNet</Filter>
    </ClInclude>
    <ClInclude Include="..\..\..\..\..\libs\RakNet\RakNet-master\Source\TelnetTransport.h">
      <Filter>RakNet</Filter>
    </ClInclude>
    <ClInclude Include="..\..\..\..\..\libs\RakNet\RakNet-master\Source\ThreadPool.h">
      <Filter>RakNet</Filter>
    </ClInclude>
    <ClInclude Include="..\..\..\..\..\libs\RakNet\RakNet-master\Source\ThreadsafePacketLogger.h">
      <Filter>RakNet</Filter>
    </ClInclude>
    <ClInclude Include="..\..\..\..\..\libs\RakNet\RakNet-master\Source\TransportInterface.h">
      <Filter>RakNet</Filter>
    </ClInclude>
    <ClInclude Include="..\..\..\..\..\libs\RakNet\RakNet-master\Source\TwoWayAuthentication.h">
      <Filter>RakNet</Filter>
    </ClInclude>
    <ClInclude Include="..\..\..\..\..\libs\RakNet\RakNet-master\Source\UDPForwarder.h">
      <Filter>RakNet</Filter>
    </ClInclude>
    <ClInclude Include="..\..\..\..\..\libs\RakNet\RakNet-master\Source\UDPProxyClient.h">
      <Filter>RakNet</Filter>
    </ClInclude>
    <ClInclude Include="..\..\..\..\..\libs\RakNet\RakNet-master\Source\UDPProxyCommon.h">
      <Filter>RakNet</Filter>
    </ClInclude>
    <ClInclude Include="..\..\..\..\..\libs\RakNet\RakNet-master\Source\UDPProxyCoordinator.h">
      <Filter>RakNet</Filter>
    </ClInclude>
    <ClInclude Include="..\..\..\..\..\libs\RakNet\RakNet-master\Source\UDPProxyServer.h">
      <Filter>RakNet</Filter>
    </ClInclude>
    <ClInclude Include="..\..\..\..\..\libs\RakNet\RakNet-master\Source\VariableDeltaSerializer.h">
      <Filter>RakNet</Filter>
    </ClInclude>
    <ClInclude Include="..\..\..\..\..\libs\RakNet\RakNet-master\Source\VariableListDeltaTracker.h">
      <Filter>RakNet</Filter>
    </ClInclude>
    <ClInclude Include="..\..\..\..\..\libs\RakNet\RakNet-master\Source\VariadicSQLParser.h">
      <Filter>RakNet</Filter>
    </ClInclude>
    <ClInclude Include="..\..\..\..\..\libs\RakNet\RakNet-master\Source\VitaIncludes.h">
      <Filter>RakNet</Filter>
    </ClInclude>
    <ClInclude Include="..\..\..\..\..\libs\RakNet\RakNet-master\Source\WindowsIncludes.h">
      <Filter>RakNet</Filter>
    </ClInclude>
    <ClInclude Include="..\..\..\..\..\libs\RakNet\RakNet-master\Source\WSAStartupSingleton.h">
      <Filter>RakNet</Filter>
    </ClInclude>
    <ClInclude Include="..\..\..\..\..\libs\RakNet\RakNet-master\Source\XBox360Includes.h">
      <Filter>RakNet</Filter>
    </ClInclude>
    <ClInclude Include="src\gameobjectmanager.h">
      <Filter>Header Files\Managers</Filter>
    </ClInclude>
    <ClInclude Include="src\networkmanager.h">
      <Filter>Header Files\Managers</Filter>
    </ClInclude>
    <ClInclude Include="src\physicsmanager.h">
      <Filter>Header Files\Managers</Filter>
    </ClInclude>
    <ClInclude Include="src\handlemanager.h">
      <Filter>Header Files\Managers</Filter>
    </ClInclude>
    <ClInclude Include="src\clientcomponent.h">
      <Filter>Header Files\Components</Filter>
    </ClInclude>
    <ClInclude Include="src\networkcomponent.h">
      <Filter>Header Files\Components</Filter>
    </ClInclude>
    <ClInclude Include="src\physicscomponent.h">
      <Filter>Header Files\Components</Filter>
    </ClInclude>
    <ClInclude Include="src\physicssystem.h">
      <Filter>Header Files\Systems</Filter>
    </ClInclude>
    <ClInclude Include="src\serversystem.h">
      <Filter>Header Files\Systems</Filter>
    </ClInclude>
    <ClInclude Include="src\gameobject.h">
      <Filter>Header Files\Game Object</Filter>
    </ClInclude>
    <ClInclude Include="src\bulletphysicsobject.h">
      <Filter>Header Files\Utility</Filter>
    </ClInclude>
    <ClInclude Include="src\subscriber.h">
      <Filter>Header Files\Utility</Filter>
    </ClInclude>
    <ClInclude Include="src\networkmessages.h">
      <Filter>Header Files\Utility</Filter>
    </ClInclude>
    <ClInclude Include="src\handle.h">
      <Filter>Header Files\Utility</Filter>
    </ClInclude>
    <ClInclude Include="src\messenger.h">
      <Filter>Header Files\Utility</Filter>
    </ClInclude>
    <ClInclude Include="src\clientmanager.h">
      <Filter>Header Files\Managers</Filter>
    </ClInclude>
    <ClInclude Include="src\stream.h">
      <Filter>Header Files\Utility</Filter>
    </ClInclude>
    <ClInclude Include="src\streamformatter.h">
      <Filter>Header Files\Utility</Filter>
    </ClInclude>
    <ClInclude Include="src\engine.h">
      <Filter>Header Files\Engine</Filter>
    </ClInclude>
    <ClInclude Include="src\networksystem.h">
      <Filter>Header Files\Systems</Filter>
    </ClInclude>
    <ClInclude Include="src\clientsystem.h">
      <Filter>Header Files\Systems</Filter>
    </ClInclude>
    <ClInclude Include="src\gameobjectfilter.h">
      <Filter>Header Files\Utility</Filter>
    </ClInclude>
    <ClInclude Include="src\componenttypehandle.h">
      <Filter>Header Files\Utility</Filter>
    </ClInclude>
  </ItemGroup>
  <ItemGroup>
    <Text Include="..\..\..\..\..\libs\RakNet\RakNet-master\Source\CMakeLists.txt">
      <Filter>RakNet</Filter>
    </Text>
  </ItemGroup>
  <ItemGroup>
    <None Include="..\..\..\..\..\libs\RakNet\RakNet-master\Source\RakNet.vcproj">
      <Filter>RakNet</Filter>
    </None>
    <None Include="..\..\..\..\..\libs\RakNet\RakNet-master\Source\RakNet_vc8.vcproj">
      <Filter>RakNet</Filter>
    </None>
    <None Include="..\..\..\..\..\libs\RakNet\RakNet-master\Source\RakNet_vc9.vcproj">
      <Filter>RakNet</Filter>
    </None>
  </ItemGroup>
</Project>